PODS:
  - PanModal (1.2.7)
  - RxCocoa (6.2.0):
    - RxRelay (= 6.2.0)
    - RxSwift (= 6.2.0)
  - RxPanModal/Core (1.0.0):
    - PanModal (~> 1)
    - RxCocoa (~> 6)
  - RxPanModal/Template (1.0.0):
    - RxPanModal/Core (~> 1)
    - SnapKit (~> 5)
  - RxRelay (6.2.0):
    - RxSwift (= 6.2.0)
  - RxSwift (6.2.0)
  - SnapKit (5.0.1)

DEPENDENCIES:
  - RxPanModal/Template (from `../`)
  - SnapKit

SPEC REPOS:
  trunk:
    - PanModal
    - RxCocoa
    - RxRelay
    - RxSwift
    - SnapKit

EXTERNAL SOURCES:
  RxPanModal:
    :path: "../"

SPEC CHECKSUMS:
  PanModal: 3e16ead1a907fb06f4df3f13492fd00149fa4974
  RxCocoa: 4baf94bb35f2c0ab31bc0cb9f1900155f646ba42
  RxPanModal: 4156f3648822f15e728ada6761712ee150dde675
  RxRelay: e72dbfd157807478401ef1982e1c61c945c94b2f
  RxSwift: d356ab7bee873611322f134c5f9ef379fa183d8f
  SnapKit: 97b92857e3df3a0c71833cce143274bf6ef8e5eb

PODFILE CHECKSUM: 68a26db65b00fe806dcf7a26048a97d81d7b1212

COCOAPODS: 1.11.2
